
Microsoft Visual Studio Solution File, Format Version 12.00
# Visual Studio Version 16
VisualStudioVersion = 16.0.28407.52
MinimumVisualStudioVersion = 10.0.40219.1
Project("{FAE04EC0-301F-11D3-BF4B-00C04F79EFBC}") = "Soundplay", "Soundplay\Soundplay.csproj", "{98568DDF-D1DF-48AC-82B6-51F213D1D482}"
EndProject
Global
	GlobalSection(SolutionConfigurationPlatforms) = preSolution
		Debug|Any CPU = Debug|Any CPU
		Release|Any CPU = Release|Any CPU
	EndGlobalSection
	GlobalSection(ProjectConfigurationPlatforms) = postSolution
		{98568DDF-D1DF-48AC-82B6-51F213D1D482}.Debug|Any CPU.ActiveCfg = Debug|Any CPU
		{98568DDF-D1DF-48AC-82B6-51F213D1D482}.Debug|Any CPU.Build.0 = Debug|Any CPU
		{98568DDF-D1DF-48AC-82B6-51F213D1D482}.Release|Any CPU.ActiveCfg = Release|Any CPU
		{98568DDF-D1DF-48AC-82B6-51F213D1D482}.Release|Any CPU.Build.0 = Release|Any CPU
	EndGlobalSection
	GlobalSection(SolutionProperties) = preSolution
		HideSolutionNode = FALSE
	EndGlobalSection
	GlobalSection(ExtensibilityGlobals) = postSolution
		SolutionGuid = {F3B9C389-C89C-44E7-B4CE-2824A38AD988}
	EndGlobalSection
EndGlobal
